
Microsoft Visual Studio Solution File, Format Version 12.00
# Visual Studio Version 17
VisualStudioVersion = 17.3.32804.467
MinimumVisualStudioVersion = 10.0.40219.1
Project("{FAE04EC0-301F-11D3-BF4B-00C04F79EFBC}") = "CarControl.WebApp", "CarControl.WebApp.csproj", "{A62BE3BD-C07A-4EB6-ADC5-227C07211086}"
EndProject
Project("{FAE04EC0-301F-11D3-BF4B-00C04F79EFBC}") = "CarControl.Service", "..\CarControl.Service\CarControl.Service.csproj", "{474AAF51-06BB-4F3C-A83E-777AA000B7DD}"
EndProject
Project("{FAE04EC0-301F-11D3-BF4B-00C04F79EFBC}") = "CarControl.Domain", "..\CarControl.Domain\CarControl.Domain.csproj", "{E35F273C-D1B2-4475-A977-C5893A99E58F}"
EndProject
Project("{FAE04EC0-301F-11D3-BF4B-00C04F79EFBC}") = "CarControl.Infrastructure", "..\CarControl.Infrastructure\CarControl.Infrastructure.csproj", "{D6F54C8C-F881-4CBD-BF8D-DEEDC4B6A53D}"
EndProject
Global
	GlobalSection(SolutionConfigurationPlatforms) = preSolution
		Debug|Any CPU = Debug|Any CPU
		Release|Any CPU = Release|Any CPU
	EndGlobalSection
	GlobalSection(ProjectConfigurationPlatforms) = postSolution
		{A62BE3BD-C07A-4EB6-ADC5-227C07211086}.Debug|Any CPU.ActiveCfg = Debug|Any CPU
		{A62BE3BD-C07A-4EB6-ADC5-227C07211086}.Debug|Any CPU.Build.0 = Debug|Any CPU
		{A62BE3BD-C07A-4EB6-ADC5-227C07211086}.Release|Any CPU.ActiveCfg = Release|Any CPU
		{A62BE3BD-C07A-4EB6-ADC5-227C07211086}.Release|Any CPU.Build.0 = Release|Any CPU
		{474AAF51-06BB-4F3C-A83E-777AA000B7DD}.Debug|Any CPU.ActiveCfg = Debug|Any CPU
		{474AAF51-06BB-4F3C-A83E-777AA000B7DD}.Debug|Any CPU.Build.0 = Debug|Any CPU
		{474AAF51-06BB-4F3C-A83E-777AA000B7DD}.Release|Any CPU.ActiveCfg = Release|Any CPU
		{474AAF51-06BB-4F3C-A83E-777AA000B7DD}.Release|Any CPU.Build.0 = Release|Any CPU
		{E35F273C-D1B2-4475-A977-C5893A99E58F}.Debug|Any CPU.ActiveCfg = Debug|Any CPU
		{E35F273C-D1B2-4475-A977-C5893A99E58F}.Debug|Any CPU.Build.0 = Debug|Any CPU
		{E35F273C-D1B2-4475-A977-C5893A99E58F}.Release|Any CPU.ActiveCfg = Release|Any CPU
		{E35F273C-D1B2-4475-A977-C5893A99E58F}.Release|Any CPU.Build.0 = Release|Any CPU
		{D6F54C8C-F881-4CBD-BF8D-DEEDC4B6A53D}.Debug|Any CPU.ActiveCfg = Debug|Any CPU
		{D6F54C8C-F881-4CBD-BF8D-DEEDC4B6A53D}.Debug|Any CPU.Build.0 = Debug|Any CPU
		{D6F54C8C-F881-4CBD-BF8D-DEEDC4B6A53D}.Release|Any CPU.ActiveCfg = Release|Any CPU
		{D6F54C8C-F881-4CBD-BF8D-DEEDC4B6A53D}.Release|Any CPU.Build.0 = Release|Any CPU
	EndGlobalSection
	GlobalSection(SolutionProperties) = preSolution
		HideSolutionNode = FALSE
	EndGlobalSection
	GlobalSection(ExtensibilityGlobals) = postSolution
		SolutionGuid = {6E9AB199-39D5-4198-9C96-DC42217DEE08}
	EndGlobalSection
EndGlobal
